// !$*UTF8*$!
{
	archiveVersion = 1;
	classes = {
	};
	objectVersion = 50;
	objects = {

/* Begin PBXBuildFile section */
		80BD7D5B2372FBD5009F186C /* AppDelegate.swift in Sources */ = {isa = PBXBuildFile; fileRef = 80BD7D5A2372FBD5009F186C /* AppDelegate.swift */; };
		80BD7D5D2372FBD5009F186C /* HomeViewController.swift in Sources */ = {isa = PBXBuildFile; fileRef = 80BD7D5C2372FBD5009F186C /* HomeViewController.swift */; };
		80BD7D602372FBD5009F186C /* Main.storyboard in Resources */ = {isa = PBXBuildFile; fileRef = 80BD7D5E2372FBD5009F186C /* Main.storyboard */; };
		80BD7D622372FBD7009F186C /* Assets.xcassets in Resources */ = {isa = PBXBuildFile; fileRef = 80BD7D612372FBD7009F186C /* Assets.xcassets */; };
		80BD7D652372FBD7009F186C /* LaunchScreen.storyboard in Resources */ = {isa = PBXBuildFile; fileRef = 80BD7D632372FBD7009F186C /* LaunchScreen.storyboard */; };
		80BD7D7423730539009F186C /* HomeViewControllerEXT.swift in Sources */ = {isa = PBXBuildFile; fileRef = 80BD7D7323730539009F186C /* HomeViewControllerEXT.swift */; };
/* End PBXBuildFile section */

/* Begin PBXFileReference section */
		80BD7D572372FBD5009F186C /* WorkLama.app */ = {isa = PBXFileReference; explicitFileType = wrapper.application; includeInIndex = 0; path = WorkLama.app; sourceTree = BUILT_PRODUCTS_DIR; };
		80BD7D5A2372FBD5009F186C /* AppDelegate.swift */ = {isa = PBXFileReference; lastKnownFileType = sourcecode.swift; path = AppDelegate.swift; sourceTree = "<group>"; };
		80BD7D5C2372FBD5009F186C /* HomeViewController.swift */ = {isa = PBXFileReference; lastKnownFileType = sourcecode.swift; path = HomeViewController.swift; sourceTree = "<group>"; };
		80BD7D5F2372FBD5009F186C /* Base */ = {isa = PBXFileReference; lastKnownFileType = file.storyboard; name = Base; path = Base.lproj/Main.storyboard; sourceTree = "<group>"; };
		80BD7D612372FBD7009F186C /* Assets.xcassets */ = {isa = PBXFileReference; lastKnownFileType = folder.assetcatalog; path = Assets.xcassets; sourceTree = "<group>"; };
		80BD7D642372FBD7009F186C /* Base */ = {isa = PBXFileReference; lastKnownFileType = file.storyboard; name = Base; path = Base.lproj/LaunchScreen.storyboard; sourceTree = "<group>"; };
		80BD7D662372FBD7009F186C /* Info.plist */ = {isa = PBXFileReference; lastKnownFileType = text.plist.xml; path = Info.plist; sourceTree = "<group>"; };
		80BD7D7323730539009F186C /* HomeViewControllerEXT.swift */ = {isa = PBXFileReference; lastKnownFileType = sourcecode.swift; path = HomeViewControllerEXT.swift; sourceTree = "<group>"; };
/* End PBXFileReference section */

/* Begin PBXFrameworksBuildPhase section */
		80BD7D542372FBD5009F186C /* Frameworks */ = {
			isa = PBXFrameworksBuildPhase;
			buildActionMask = 2147483647;
			files = (
			);
			runOnlyForDeploymentPostprocessing = 0;
		};
/* End PBXFrameworksBuildPhase section */

/* Begin PBXGroup section */
		80BD7D4E2372FBD5009F186C = {
			isa = PBXGroup;
			children = (
				80BD7D592372FBD5009F186C /* WorkLama */,
				80BD7D582372FBD5009F186C /* Products */,
			);
			sourceTree = "<group>";
		};
		80BD7D582372FBD5009F186C /* Products */ = {
			isa = PBXGroup;
			children = (
				80BD7D572372FBD5009F186C /* WorkLama.app */,
			);
			name = Products;
			sourceTree = "<group>";
		};
		80BD7D592372FBD5009F186C /* WorkLama */ = {
			isa = PBXGroup;
			children = (
				80BD7D722373051B009F186C /* Extensions */,
				80BD7D712372FFF3009F186C /* Common */,
				80BD7D702372FD72009F186C /* Storyboards */,
				80BD7D6F2372FCAC009F186C /* Assets */,
				80BD7D6E2372FC94009F186C /* SubViews */,
				80BD7D6D2372FC8E009F186C /* Models */,
				80BD7D6C2372FC83009F186C /* Controllers */,
			);
			path = WorkLama;
			sourceTree = "<group>";
		};
		80BD7D6C2372FC83009F186C /* Controllers */ = {
			isa = PBXGroup;
			children = (
				80BD7D5C2372FBD5009F186C /* HomeViewController.swift */,
			);
			path = Controllers;
			sourceTree = "<group>";
		};
		80BD7D6D2372FC8E009F186C /* Models */ = {
			isa = PBXGroup;
			children = (
			);
			path = Models;
			sourceTree = "<group>";
		};
		80BD7D6E2372FC94009F186C /* SubViews */ = {
			isa = PBXGroup;
			children = (
			);
			path = SubViews;
			sourceTree = "<group>";
		};
		80BD7D6F2372FCAC009F186C /* Assets */ = {
			isa = PBXGroup;
			children = (
				80BD7D612372FBD7009F186C /* Assets.xcassets */,
			);
			path = Assets;
			sourceTree = "<group>";
		};
		80BD7D702372FD72009F186C /* Storyboards */ = {
			isa = PBXGroup;
			children = (
				80BD7D632372FBD7009F186C /* LaunchScreen.storyboard */,
				80BD7D5E2372FBD5009F186C /* Main.storyboard */,
			);
			path = Storyboards;
			sourceTree = "<group>";
		};
		80BD7D712372FFF3009F186C /* Common */ = {
			isa = PBXGroup;
			children = (
				80BD7D662372FBD7009F186C /* Info.plist */,
				80BD7D5A2372FBD5009F186C /* AppDelegate.swift */,
			);
			path = Common;
			sourceTree = "<group>";
		};
		80BD7D722373051B009F186C /* Extensions */ = {
			isa = PBXGroup;
			children = (
				80BD7D7323730539009F186C /* HomeViewControllerEXT.swift */,
			);
			path = Extensions;
			sourceTree = "<group>";
		};
/* End PBXGroup section */

/* Begin PBXNativeTarget section */
		80BD7D562372FBD5009F186C /* WorkLama */ = {
			isa = PBXNativeTarget;
			buildConfigurationList = 80BD7D692372FBD7009F186C /* Build configuration list for PBXNativeTarget "WorkLama" */;
			buildPhases = (
				80BD7D532372FBD5009F186C /* Sources */,
				80BD7D542372FBD5009F186C /* Frameworks */,
				80BD7D552372FBD5009F186C /* Resources */,
			);
			buildRules = (
			);
			dependencies = (
			);
			name = WorkLama;
			productName = WorkLama;
			productReference = 80BD7D572372FBD5009F186C /* WorkLama.app */;
			productType = "com.apple.product-type.application";
		};
/* End PBXNativeTarget section */

/* Begin PBXProject section */
		80BD7D4F2372FBD5009F186C /* Project object */ = {
			isa = PBXProject;
			attributes = {
				LastSwiftUpdateCheck = 1010;
				LastUpgradeCheck = 1010;
				ORGANIZATIONNAME = "Mahendra Vishwakarma";
				TargetAttributes = {
					80BD7D562372FBD5009F186C = {
						CreatedOnToolsVersion = 10.1;
					};
				};
			};
			buildConfigurationList = 80BD7D522372FBD5009F186C /* Build configuration list for PBXProject "WorkLama" */;
			compatibilityVersion = "Xcode 9.3";
			developmentRegion = en;
			hasScannedForEncodings = 0;
			knownRegions = (
				en,
				Base,
			);
			mainGroup = 80BD7D4E2372FBD5009F186C;
			productRefGroup = 80BD7D582372FBD5009F186C /* Products */;
			projectDirPath = "";
			projectRoot = "";
			targets = (
				80BD7D562372FBD5009F186C /* WorkLama */,
			);
		};
/* End PBXProject section */

/* Begin PBXResourcesBuildPhase section */
		80BD7D552372FBD5009F186C /* Resources */ = {
			isa = PBXResourcesBuildPhase;
			buildActionMask = 2147483647;
			files = (
				80BD7D652372FBD7009F186C /* LaunchScreen.storyboard in Resources */,
				80BD7D622372FBD7009F186C /* Assets.xcassets in Resources */,
				80BD7D602372FBD5009F186C /* Main.storyboard in Resources */,
			);
			runOnlyForDeploymentPostprocessing = 0;
		};
/* End PBXResourcesBuildPhase section */

/* Begin PBXSourcesBuildPhase section */
		80BD7D532372FBD5009F186C /* Sources */ = {
			isa = PBXSourcesBuildPhase;
			buildActionMask = 2147483647;
			files = (
				80BD7D7423730539009F186C /* HomeViewControllerEXT.swift in Sources */,
				80BD7D5D2372FBD5009F186C /* HomeViewController.swift in Sources */,
				80BD7D5B2372FBD5009F186C /* AppDelegate.swift in Sources */,
			);
			runOnlyForDeploymentPostprocessing = 0;
		};
/* End PBXSourcesBuildPhase section */

/* Begin PBXVariantGroup section */
		80BD7D5E2372FBD5009F186C /* Main.storyboard */ = {
			isa = PBXVariantGroup;
			children = (
				80BD7D5F2372FBD5009F186C /* Base */,
			);
			name = Main.storyboard;
			sourceTree = "<group>";
		};
		80BD7D632372FBD7009F186C /* LaunchScreen.storyboard */ = {
			isa = PBXVariantGroup;
			children = (
				80BD7D642372FBD7009F186C /* Base */,
			);
			name = LaunchScreen.storyboard;
			sourceTree = "<group>";
		};
/* End PBXVariantGroup section */

/* Begin XCBuildConfiguration section */
		80BD7D672372FBD7009F186C /* Debug */ = {
			isa = XCBuildConfiguration;
			buildSettings = {
				ALWAYS_SEARCH_USER_PATHS = NO;
				CLANG_ANALYZER_NONNULL = YES;
				CLANG_ANALYZER_NUMBER_OBJECT_CONVERSION = YES_AGGRESSIVE;
				CLANG_CXX_LANGUAGE_STANDARD = "gnu++14";
				CLANG_CXX_LIBRARY = "libc++";
				CLANG_ENABLE_MODULES = YES;
				CLANG_ENABLE_OBJC_ARC = YES;
				CLANG_ENABLE_OBJC_WEAK = YES;
				CLANG_WARN_BLOCK_CAPTURE_AUTORELEASING = YES;
				CLANG_WARN_BOOL_CONVERSION = YES;
				CLANG_WARN_COMMA = YES;
				CLANG_WARN_CONSTANT_CONVERSION = YES;
				CLANG_WARN_DEPRECATED_OBJC_IMPLEMENTATIONS = YES;
				CLANG_WARN_DIRECT_OBJC_ISA_USAGE = YES_ERROR;
				CLANG_WARN_DOCUMENTATION_COMMENTS = YES;
				CLANG_WARN_EMPTY_BODY = YES;
				CLANG_WARN_ENUM_CONVERSION = YES;
				CLANG_WARN_INFINITE_RECURSION = YES;
				CLANG_WARN_INT_CONVERSION = YES;
				CLANG_WARN_NON_LITERAL_NULL_CONVERSION = YES;
				CLANG_WARN_OBJC_IMPLICIT_RETAIN_SELF = YES;
				CLANG_WARN_OBJC_LITERAL_CONVERSION = YES;
				CLANG_WARN_OBJC_ROOT_CLASS = YES_ERROR;
				CLANG_WARN_RANGE_LOOP_ANALYSIS = YES;
				CLANG_WARN_STRICT_PROTOTYPES = YES;
				CLANG_WARN_SUSPICIOUS_MOVE = YES;
				CLANG_WARN_UNGUARDED_AVAILABILITY = YES_AGGRESSIVE;
				CLANG_WARN_UNREACHABLE_CODE = YES;
				CLANG_WARN__DUPLICATE_METHOD_MATCH = YES;
				CODE_SIGN_IDENTITY = "iPhone Developer";
				COPY_PHASE_STRIP = NO;
				DEBUG_INFORMATION_FORMAT = dwarf;
				ENABLE_STRICT_OBJC_MSGSEND = YES;
				ENABLE_TESTABILITY = YES;
				GCC_C_LANGUAGE_STANDARD = gnu11;
				GCC_DYNAMIC_NO_PIC = NO;
				GCC_NO_COMMON_BLOCKS = YES;
				GCC_OPTIMIZATION_LEVEL = 0;
				GCC_PREPROCESSOR_DEFINITIONS = (
					"DEBUG=1",
					"$(inherited)",
				);
				GCC_WARN_64_TO_32_BIT_CONVERSION = YES;
				GCC_WARN_ABOUT_RETURN_TYPE = YES_ERROR;
				GCC_WARN_UNDECLARED_SELECTOR = YES;
				GCC_WARN_UNINITIALIZED_AUTOS = YES_AGGRESSIVE;
				GCC_WARN_UNUSED_FUNCTION = YES;
				GCC_WARN_UNUSED_VARIABLE = YES;
				IPHONEOS_DEPLOYMENT_TARGET = 12.1;
				MTL_ENABLE_DEBUG_INFO = INCLUDE_SOURCE;
				MTL_FAST_MATH = YES;
				ONLY_ACTIVE_ARCH = YES;
				SDKROOT = iphoneos;
				SWIFT_ACTIVE_COMPILATION_CONDITIONS = DEBUG;
				SWIFT_OPTIMIZATION_LEVEL = "-Onone";
			};
			name = Debug;
		};
		80BD7D682372FBD7009F186C /* Release */ = {
			isa = XCBuildConfiguration;
			buildSettings = {
				ALWAYS_SEARCH_USER_PATHS = NO;
				CLANG_ANALYZER_NONNULL = YES;
				CLANG_ANALYZER_NUMBER_OBJECT_CONVERSION = YES_AGGRESSIVE;
				CLANG_CXX_LANGUAGE_STANDARD = "gnu++14";
				CLANG_CXX_LIBRARY = "libc++";
				CLANG_ENABLE_MODULES = YES;
				CLANG_ENABLE_OBJC_ARC = YES;
				CLANG_ENABLE_OBJC_WEAK = YES;
				CLANG_WARN_BLOCK_CAPTURE_AUTORELEASING = YES;
				CLANG_WARN_BOOL_CONVERSION = YES;
				CLANG_WARN_COMMA = YES;
				CLANG_WARN_CONSTANT_CONVERSION = YES;
				CLANG_WARN_DEPRECATED_OBJC_IMPLEMENTATIONS = YES;
				CLANG_WARN_DIRECT_OBJC_ISA_USAGE = YES_ERROR;
				CLANG_WARN_DOCUMENTATION_COMMENTS = YES;
				CLANG_WARN_EMPTY_BODY = YES;
				CLANG_WARN_ENUM_CONVERSION = YES;
				CLANG_WARN_INFINITE_RECURSION = YES;
				CLANG_WARN_INT_CONVERSION = YES;
				CLANG_WARN_NON_LITERAL_NULL_CONVERSION = YES;
				CLANG_WARN_OBJC_IMPLICIT_RETAIN_SELF = YES;
				CLANG_WARN_OBJC_LITERAL_CONVERSION = YES;
				CLANG_WARN_OBJC_ROOT_CLASS = YES_ERROR;
				CLANG_WARN_RANGE_LOOP_ANALYSIS = YES;
				CLANG_WARN_STRICT_PROTOTYPES = YES;
				CLANG_WARN_SUSPICIOUS_MOVE = YES;
				CLANG_WARN_UNGUARDED_AVAILABILITY = YES_AGGRESSIVE;
				CLANG_WARN_UNREACHABLE_CODE = YES;
				CLANG_WARN__DUPLICATE_METHOD_MATCH = YES;
				CODE_SIGN_IDENTITY = "iPhone Developer";
				COPY_PHASE_STRIP = NO;
				DEBUG_INFORMATION_FORMAT = "dwarf-with-dsym";
				ENABLE_NS_ASSERTIONS = NO;
				ENABLE_STRICT_OBJC_MSGSEND = YES;
				GCC_C_LANGUAGE_STANDARD = gnu11;
				GCC_NO_COMMON_BLOCKS = YES;
				GCC_WARN_64_TO_32_BIT_CONVERSION = YES;
				GCC_WARN_ABOUT_RETURN_TYPE = YES_ERROR;
				GCC_WARN_UNDECLARED_SELECTOR = YES;
				GCC_WARN_UNINITIALIZED_AUTOS = YES_AGGRESSIVE;
				GCC_WARN_UNUSED_FUNCTION = YES;
				GCC_WARN_UNUSED_VARIABLE = YES;
				IPHONEOS_DEPLOYMENT_TARGET = 12.1;
				MTL_ENABLE_DEBUG_INFO = NO;
				MTL_FAST_MATH = YES;
				SDKROOT = iphoneos;
				SWIFT_COMPILATION_MODE = wholemodule;
				SWIFT_OPTIMIZATION_LEVEL = "-O";
				VALIDATE_PRODUCT = YES;
			};
			name = Release;
		};
		80BD7D6A2372FBD7009F186C /* Debug */ = {
			isa = XCBuildConfiguration;
			buildSettings = {
				ASSETCATALOG_COMPILER_APPICON_NAME = AppIcon;
				CODE_SIGN_STYLE = Automatic;
				INFOPLIST_FILE = "$(SRCROOT)/WorkLama/Common/Info.plist";
				LD_RUNPATH_SEARCH_PATHS = (
					"$(inherited)",
					"@executable_path/Frameworks",
				);
				PRODUCT_BUNDLE_IDENTIFIER = Mahendra.WorkLama;
				PRODUCT_NAME = "$(TARGET_NAME)";
				SWIFT_VERSION = 4.2;
				TARGETED_DEVICE_FAMILY = "1,2";
			};
			name = Debug;
		};
		80BD7D6B2372FBD7009F186C /* Release */ = {
			isa = XCBuildConfiguration;
			buildSettings = {
				ASSETCATALOG_COMPILER_APPICON_NAME = AppIcon;
				CODE_SIGN_STYLE = Automatic;
				INFOPLIST_FILE = "$(SRCROOT)/WorkLama/Common/Info.plist";
				LD_RUNPATH_SEARCH_PATHS = (
					"$(inherited)",
					"@executable_path/Frameworks",
				);
				PRODUCT_BUNDLE_IDENTIFIER = Mahendra.WorkLama;
				PRODUCT_NAME = "$(TARGET_NAME)";
				SWIFT_VERSION = 4.2;
				TARGETED_DEVICE_FAMILY = "1,2";
			};
			name = Release;
		};
/* End XCBuildConfiguration section */

/* Begin XCConfigurationList section */
		80BD7D522372FBD5009F186C /* Build configuration list for PBXProject "WorkLama" */ = {
			isa = XCConfigurationList;
			buildConfigurations = (
				80BD7D672372FBD7009F186C /* Debug */,
				80BD7D682372FBD7009F186C /* Release */,
			);
			defaultConfigurationIsVisible = 0;
			defaultConfigurationName = Release;
		};
		80BD7D692372FBD7009F186C /* Build configuration list for PBXNativeTarget "WorkLama" */ = {
			isa = XCConfigurationList;
			buildConfigurations = (
				80BD7D6A2372FBD7009F186C /* Debug */,
				80BD7D6B2372FBD7009F186C /* Release */,
			);
			defaultConfigurationIsVisible = 0;
			defaultConfigurationName = Release;
		};
/* End XCConfigurationList section */
	};
	rootObject = 80BD7D4F2372FBD5009F186C /* Project object */;
}
